// !$*UTF8*$*
{
	archiveVersion = 1;
	classes = {
	};
	objectVersion = 56;
	objects = {

/* Begin PBXBuildFile section */
035C2017D41C46B3A386D23D /* ProxApp.swift in Sources */ = {isa = PBXBuildFile; fileRef = D9A35567469B422E96D2A4AF /* ProxApp.swift */; };
0002D5772A1344EBA9A8D622 /* ContentView.swift in Sources */ = {isa = PBXBuildFile; fileRef = D80049BF0D084D41A0F8AE1D /* ContentView.swift */; };
1CE6DB0195D04BA9960A00C3 /* ARViewContainer.swift in Sources */ = {isa = PBXBuildFile; fileRef = 4C7D64F8B3364DE096B7AB89 /* ARViewContainer.swift */; };
3CCA4F1309F247A7A40C61D2 /* DistanceOverlay.swift in Sources */ = {isa = PBXBuildFile; fileRef = F66BD4C10D444A3B93F10C97 /* DistanceOverlay.swift */; };
7C5B09AFDD4549F786044504 /* RoomScanner.swift in Sources */ = {isa = PBXBuildFile; fileRef = C7DB05C38A7E4C549B6E47FB /* RoomScanner.swift */; };
3C72FCF987CC4801A6CA44BB /* MeshExporter.swift in Sources */ = {isa = PBXBuildFile; fileRef = 89A1B8321D634E6D905A19F1 /* MeshExporter.swift */; };
/* End PBXBuildFile section */

/* Begin PBXFileReference section */
D9A35567469B422E96D2A4AF /* ProxApp.swift */ = {isa = PBXFileReference; lastKnownFileType = sourcecode.swift; path = ProxApp.swift; sourceTree = "<group>"; };
D80049BF0D084D41A0F8AE1D /* ContentView.swift */ = {isa = PBXFileReference; lastKnownFileType = sourcecode.swift; path = ContentView.swift; sourceTree = "<group>"; };
4C7D64F8B3364DE096B7AB89 /* ARViewContainer.swift */ = {isa = PBXFileReference; lastKnownFileType = sourcecode.swift; path = ARViewContainer.swift; sourceTree = "<group>"; };
F66BD4C10D444A3B93F10C97 /* DistanceOverlay.swift */ = {isa = PBXFileReference; lastKnownFileType = sourcecode.swift; path = DistanceOverlay.swift; sourceTree = "<group>"; };
C7DB05C38A7E4C549B6E47FB /* RoomScanner.swift */ = {isa = PBXFileReference; lastKnownFileType = sourcecode.swift; path = RoomScanner.swift; sourceTree = "<group>"; };
89A1B8321D634E6D905A19F1 /* MeshExporter.swift */ = {isa = PBXFileReference; lastKnownFileType = sourcecode.swift; path = MeshExporter.swift; sourceTree = "<group>"; };
EBF501E95DA2494E923E372D /* Info.plist */ = {isa = PBXFileReference; lastKnownFileType = text.plist.xml; path = Info.plist; sourceTree = "<group>"; };
8410142CCAE64337A0A4F2E9 /* Prox.app */ = {isa = PBXFileReference; explicitFileType = wrapper.application; includeInIndex = 0; path = Prox.app; sourceTree = BUILT_PRODUCTS_DIR; };
/* End PBXFileReference section */

/* Begin PBXFrameworksBuildPhase section */
945E29E4B6F0478292792B34 /* Frameworks */ = {isa = PBXFrameworksBuildPhase; buildActionMask = 2147483647; files = (); runOnlyForDeploymentPostprocessing = 0; };
/* End PBXFrameworksBuildPhase section */

/* Begin PBXGroup section */
EF1DF44DF1654B4AA118513F = {
	isa = PBXGroup;
	children = (
		3B152E79B83744EEAA077197,
	);
	sourceTree = "<group>";
};
3B152E79B83744EEAA077197 = {
	isa = PBXGroup;
	children = (
		74A1459011CB43758575A77D,
		DD4071FC78EC484D98969B4D,
	);
	name = Prox;
	sourceTree = "<group>";
};
74A1459011CB43758575A77D = {
	isa = PBXGroup;
	children = (
		D9A35567469B422E96D2A4AF,
		D80049BF0D084D41A0F8AE1D,
		4C7D64F8B3364DE096B7AB89,
		F66BD4C10D444A3B93F10C97,
		C7DB05C38A7E4C549B6E47FB,
		89A1B8321D634E6D905A19F1,
		EBF501E95DA2494E923E372D,
	);
	path = Sources;
	sourceTree = "<group>";
};
DD4071FC78EC484D98969B4D = {
	isa = PBXGroup;
	children = (
		8410142CCAE64337A0A4F2E9,
	);
	name = Products;
	sourceTree = "<group>";
};
/* End PBXGroup section */

/* Begin PBXNativeTarget section */
DDB967E3247D4EEDAC293C06 /* Prox */ = {
	isa = PBXNativeTarget;
	buildConfigurationList = 85D119621A394EDD975B4937;
	buildPhases = (
		0CE678E48F8B4938BDBD1A8F,
		945E29E4B6F0478292792B34,
		D43B39CDF9464969BC243654,
	);
	buildRules = (
	);
	dependencies = (
	);
	name = Prox;
	productName = Prox;
	productReference = 8410142CCAE64337A0A4F2E9;
	productType = "com.apple.product-type.application";
};
/* End PBXNativeTarget section */

/* Begin PBXProject section */
1135514BC58243E5A7330CEA /* Project object */ = {
	isa = PBXProject;
	attributes = {
		BuildIndependentTargetsInParallel = 1;
		LastSwiftUpdateCheck = 1540;
		LastUpgradeCheck = 1540;
		TargetAttributes = {
			DDB967E3247D4EEDAC293C06 = {
				CreatedOnToolsVersion = 15.4;
			};
		};
	};
	buildConfigurationList = A288D063D30B4FEC85E2302D;
	compatibilityVersion = "Xcode 14.0";
	developmentRegion = en;
	hasScannedForEncodings = 0;
	knownRegions = (
		en,
		Base,
	);
	mainGroup = EF1DF44DF1654B4AA118513F;
	productRefGroup = DD4071FC78EC484D98969B4D;
	projectDirPath = "";
	projectRoot = "";
	targets = (
		DDB967E3247D4EEDAC293C06,
	);
};
/* End PBXProject section */

/* Begin PBXResourcesBuildPhase section */
D43B39CDF9464969BC243654 /* Resources */ = {isa = PBXResourcesBuildPhase; buildActionMask = 2147483647; files = (); runOnlyForDeploymentPostprocessing = 0; };
/* End PBXResourcesBuildPhase section */

/* Begin PBXSourcesBuildPhase section */
0CE678E48F8B4938BDBD1A8F /* Sources */ = {
	isa = PBXSourcesBuildPhase;
	buildActionMask = 2147483647;
	files = (
		035C2017D41C46B3A386D23D,
		0002D5772A1344EBA9A8D622,
		1CE6DB0195D04BA9960A00C3,
		3CCA4F1309F247A7A40C61D2,
		7C5B09AFDD4549F786044504,
		3C72FCF987CC4801A6CA44BB,
	);
	runOnlyForDeploymentPostprocessing = 0;
};
/* End PBXSourcesBuildPhase section */

/* Begin XCBuildConfiguration section */
D687108766214CBE9BCA1195 /* Debug */ = {
	isa = XCBuildConfiguration;
	buildSettings = {
		ALWAYS_SEARCH_USER_PATHS = NO;
		CLANG_ANALYZER_NONNULL = YES;
		CLANG_ENABLE_MODULES = YES;
		CLANG_ENABLE_OBJC_ARC = YES;
		COPY_PHASE_STRIP = NO;
		DEBUG_INFORMATION_FORMAT = dwarf;
		ENABLE_STRICT_OBJC_MSGSEND = YES;
		ENABLE_TESTABILITY = YES;
		GCC_DYNAMIC_NO_PIC = NO;
		GCC_OPTIMIZATION_LEVEL = 0;
		GCC_PREPROCESSOR_DEFINITIONS = ("DEBUG=1", "$(inherited)");
		IPHONEOS_DEPLOYMENT_TARGET = 17.0;
		MTL_ENABLE_DEBUG_INFO = INCLUDE_SOURCE;
		ONLY_ACTIVE_ARCH = YES;
		SDKROOT = iphoneos;
		SWIFT_ACTIVE_COMPILATION_CONDITIONS = DEBUG;
		SWIFT_OPTIMIZATION_LEVEL = "-Onone";
	};
	name = Debug;
};
30636A8FEAF345119B378FA0 /* Release */ = {
	isa = XCBuildConfiguration;
	buildSettings = {
		ALWAYS_SEARCH_USER_PATHS = NO;
		CLANG_ANALYZER_NONNULL = YES;
		CLANG_ENABLE_MODULES = YES;
		CLANG_ENABLE_OBJC_ARC = YES;
		COPY_PHASE_STRIP = NO;
		DEBUG_INFORMATION_FORMAT = "dwarf-with-dsym";
		ENABLE_NS_ASSERTIONS = NO;
		ENABLE_STRICT_OBJC_MSGSEND = YES;
		GCC_OPTIMIZATION_LEVEL = s;
		IPHONEOS_DEPLOYMENT_TARGET = 17.0;
		MTL_ENABLE_DEBUG_INFO = NO;
		SDKROOT = iphoneos;
		SWIFT_COMPILATION_MODE = wholemodule;
		SWIFT_OPTIMIZATION_LEVEL = "-O";
		VALIDATE_PRODUCT = YES;
	};
	name = Release;
};
3190031784904CE2966D0ABA /* Debug */ = {
	isa = XCBuildConfiguration;
	buildSettings = {
		ASSETCATALOG_COMPILER_APPICON_NAME = AppIcon;
		CODE_SIGN_STYLE = Automatic;
		CURRENT_PROJECT_VERSION = 1;
		INFOPLIST_FILE = Sources/Info.plist;
		IPHONEOS_DEPLOYMENT_TARGET = 17.0;
		LD_RUNPATH_SEARCH_PATHS = "$(inherited) @executable_path/Frameworks";
		MARKETING_VERSION = 1.0;
		PRODUCT_BUNDLE_IDENTIFIER = com.you.Prox;
		PRODUCT_NAME = "$(TARGET_NAME)";
		SWIFT_VERSION = 5.0;
		TARGETED_DEVICE_FAMILY = "1,2";
	};
	name = Debug;
};
5F7F7AEEAC1E461BABC02EB0 /* Release */ = {
	isa = XCBuildConfiguration;
	buildSettings = {
		ASSETCATALOG_COMPILER_APPICON_NAME = AppIcon;
		CODE_SIGN_STYLE = Automatic;
		CURRENT_PROJECT_VERSION = 1;
		INFOPLIST_FILE = Sources/Info.plist;
		IPHONEOS_DEPLOYMENT_TARGET = 17.0;
		LD_RUNPATH_SEARCH_PATHS = "$(inherited) @executable_path/Frameworks";
		MARKETING_VERSION = 1.0;
		PRODUCT_BUNDLE_IDENTIFIER = com.you.Prox;
		PRODUCT_NAME = "$(TARGET_NAME)";
		SWIFT_VERSION = 5.0;
		TARGETED_DEVICE_FAMILY = "1,2";
	};
	name = Release;
};
/* End XCBuildConfiguration section */

/* Begin XCConfigurationList section */
A288D063D30B4FEC85E2302D /* Build configuration list for PBXProject "Prox" */ = {
	isa = XCConfigurationList;
	buildConfigurations = (
		D687108766214CBE9BCA1195,
		30636A8FEAF345119B378FA0,
	);
	defaultConfigurationIsVisible = 0;
	defaultConfigurationName = Release;
};
85D119621A394EDD975B4937 /* Build configuration list for PBXNativeTarget "Prox" */ = {
	isa = XCConfigurationList;
	buildConfigurations = (
		3190031784904CE2966D0ABA,
		5F7F7AEEAC1E461BABC02EB0,
	);
	defaultConfigurationIsVisible = 0;
	defaultConfigurationName = Release;
};
/* End XCConfigurationList section */
	};
	rootObject = 1135514BC58243E5A7330CEA;
}
